
Microsoft Visual Studio Solution File, Format Version 11.00
# Visual Studio 2010
Project("{FAE04EC0-301F-11D3-BF4B-00C04F79EFBC}") = "CloudServices.Notifications", "CloudServices.Notifications\CloudServices.Notifications.csproj", "{AF845440-F18A-4E14-AFAA-3C8F2C5C25C0}"
EndProject
Project("{FAE04EC0-301F-11D3-BF4B-00C04F79EFBC}") = "Phone.Notifications", "Phone.Notifications\Phone.Notifications.csproj", "{5B0CB1B3-3EBA-469A-91F3-BE2EC7682BAE}"
EndProject
Project("{2150E333-8FDC-42A3-9474-1A3956D46DE8}") = "Silverlight for Windows Phone", "Silverlight for Windows Phone", "{16E3922A-B783-43D5-AC1F-8A295BAFF12E}"
EndProject
Project("{2150E333-8FDC-42A3-9474-1A3956D46DE8}") = ".NET", ".NET", "{BF0C456B-6CD8-4B43-917D-14FB5A0D7C5D}"
EndProject
Project("{FAE04EC0-301F-11D3-BF4B-00C04F79EFBC}") = "Phone.Identity.AccessControl", "Phone.Identity.AccessControl\Phone.Identity.AccessControl.csproj", "{F6F3C2ED-4A74-4836-9316-945357C575D0}"
EndProject
Project("{FAE04EC0-301F-11D3-BF4B-00C04F79EFBC}") = "CloudServices.Notifications.Sql", "CloudServices.Notifications.Sql\CloudServices.Notifications.Sql.csproj", "{7B738CF7-EA66-4D92-B185-EA41286EEE73}"
EndProject
Project("{FAE04EC0-301F-11D3-BF4B-00C04F79EFBC}") = "Common", "Common\Common.csproj", "{0E6DD9F0-9B91-4D3F-9384-2C6B96734EE0}"
EndProject
Project("{FAE04EC0-301F-11D3-BF4B-00C04F79EFBC}") = "MpnsRecipe", "MpnsRecipe\MpnsRecipe.csproj", "{E4691236-9F54-4250-BDBE-916BBB07A378}"
EndProject
Project("{FAE04EC0-301F-11D3-BF4B-00C04F79EFBC}") = "CloudServices.Identity.Membership", "CloudServices.Identity.Membership\CloudServices.Identity.Membership.csproj", "{6537020B-EDF2-4823-BCDC-430B334B876B}"
EndProject
Project("{FAE04EC0-301F-11D3-BF4B-00C04F79EFBC}") = "Storage.Providers", "Storage.Providers\Storage.Providers.csproj", "{306D2F9E-D6D0-4D96-94F1-173C60A13875}"
EndProject
Project("{FAE04EC0-301F-11D3-BF4B-00C04F79EFBC}") = "Phone.Identity.Membership", "Phone.Identity.Membership\Phone.Identity.Membership.csproj", "{E3F751E9-C417-4DF4-899F-69F1628B2979}"
EndProject
Project("{FAE04EC0-301F-11D3-BF4B-00C04F79EFBC}") = "Phone.Storage", "Phone.Storage\Phone.Storage.csproj", "{B07FCEC6-A640-49CF-A8B0-28C3CABC3F4E}"
EndProject
Project("{FAE04EC0-301F-11D3-BF4B-00C04F79EFBC}") = "Data.Services.Client", "Data.Services.Client\Data.Services.Client.csproj", "{4FE8D3CE-A4D7-426A-9D51-E22DC4D470A9}"
EndProject
Project("{FAE04EC0-301F-11D3-BF4B-00C04F79EFBC}") = "CloudServices.Storage", "CloudServices.Storage\CloudServices.Storage.csproj", "{CB1A6BD1-5ADD-45F9-896D-6E6C225FA2F3}"
EndProject
Project("{FAE04EC0-301F-11D3-BF4B-00C04F79EFBC}") = "CloudServices.Notifications.Common", "CloudServices.Notifications.Common\CloudServices.Notifications.Common.csproj", "{C44882D7-4FA1-4A6E-9AC4-80B2E9D61791}"
EndProject
Project("{FAE04EC0-301F-11D3-BF4B-00C04F79EFBC}") = "CloudServices.Notifications.WindowsAzure", "CloudServices.Notifications.Client.WindowsAzure\CloudServices.Notifications.WindowsAzure.csproj", "{45832E09-3329-416A-AE16-9CCE8A72F5CE}"
EndProject
Global
	GlobalSection(SolutionConfigurationPlatforms) = preSolution
		Debug|Any CPU = Debug|Any CPU
		Debug|x86 = Debug|x86
		Release|Any CPU = Release|Any CPU
		Release|x86 = Release|x86
	EndGlobalSection
	GlobalSection(ProjectConfigurationPlatforms) = postSolution
		{AF845440-F18A-4E14-AFAA-3C8F2C5C25C0}.Debug|Any CPU.ActiveCfg = Debug|Any CPU
		{AF845440-F18A-4E14-AFAA-3C8F2C5C25C0}.Debug|Any CPU.Build.0 = Debug|Any CPU
		{AF845440-F18A-4E14-AFAA-3C8F2C5C25C0}.Debug|x86.ActiveCfg = Debug|Any CPU
		{AF845440-F18A-4E14-AFAA-3C8F2C5C25C0}.Release|Any CPU.ActiveCfg = Release|Any CPU
		{AF845440-F18A-4E14-AFAA-3C8F2C5C25C0}.Release|Any CPU.Build.0 = Release|Any CPU
		{AF845440-F18A-4E14-AFAA-3C8F2C5C25C0}.Release|x86.ActiveCfg = Release|Any CPU
		{5B0CB1B3-3EBA-469A-91F3-BE2EC7682BAE}.Debug|Any CPU.ActiveCfg = Debug|Any CPU
		{5B0CB1B3-3EBA-469A-91F3-BE2EC7682BAE}.Debug|Any CPU.Build.0 = Debug|Any CPU
		{5B0CB1B3-3EBA-469A-91F3-BE2EC7682BAE}.Debug|x86.ActiveCfg = Debug|Any CPU
		{5B0CB1B3-3EBA-469A-91F3-BE2EC7682BAE}.Release|Any CPU.ActiveCfg = Release|Any CPU
		{5B0CB1B3-3EBA-469A-91F3-BE2EC7682BAE}.Release|Any CPU.Build.0 = Release|Any CPU
		{5B0CB1B3-3EBA-469A-91F3-BE2EC7682BAE}.Release|x86.ActiveCfg = Release|Any CPU
		{F6F3C2ED-4A74-4836-9316-945357C575D0}.Debug|Any CPU.ActiveCfg = Debug|Any CPU
		{F6F3C2ED-4A74-4836-9316-945357C575D0}.Debug|Any CPU.Build.0 = Debug|Any CPU
		{F6F3C2ED-4A74-4836-9316-945357C575D0}.Debug|x86.ActiveCfg = Debug|Any CPU
		{F6F3C2ED-4A74-4836-9316-945357C575D0}.Release|Any CPU.ActiveCfg = Release|Any CPU
		{F6F3C2ED-4A74-4836-9316-945357C575D0}.Release|Any CPU.Build.0 = Release|Any CPU
		{F6F3C2ED-4A74-4836-9316-945357C575D0}.Release|x86.ActiveCfg = Release|Any CPU
		{7B738CF7-EA66-4D92-B185-EA41286EEE73}.Debug|Any CPU.ActiveCfg = Debug|Any CPU
		{7B738CF7-EA66-4D92-B185-EA41286EEE73}.Debug|Any CPU.Build.0 = Debug|Any CPU
		{7B738CF7-EA66-4D92-B185-EA41286EEE73}.Debug|x86.ActiveCfg = Debug|Any CPU
		{7B738CF7-EA66-4D92-B185-EA41286EEE73}.Release|Any CPU.ActiveCfg = Release|Any CPU
		{7B738CF7-EA66-4D92-B185-EA41286EEE73}.Release|Any CPU.Build.0 = Release|Any CPU
		{7B738CF7-EA66-4D92-B185-EA41286EEE73}.Release|x86.ActiveCfg = Release|Any CPU
		{0E6DD9F0-9B91-4D3F-9384-2C6B96734EE0}.Debug|Any CPU.ActiveCfg = Debug|Any CPU
		{0E6DD9F0-9B91-4D3F-9384-2C6B96734EE0}.Debug|Any CPU.Build.0 = Debug|Any CPU
		{0E6DD9F0-9B91-4D3F-9384-2C6B96734EE0}.Debug|x86.ActiveCfg = Debug|Any CPU
		{0E6DD9F0-9B91-4D3F-9384-2C6B96734EE0}.Release|Any CPU.ActiveCfg = Release|Any CPU
		{0E6DD9F0-9B91-4D3F-9384-2C6B96734EE0}.Release|Any CPU.Build.0 = Release|Any CPU
		{0E6DD9F0-9B91-4D3F-9384-2C6B96734EE0}.Release|x86.ActiveCfg = Release|Any CPU
		{E4691236-9F54-4250-BDBE-916BBB07A378}.Debug|Any CPU.ActiveCfg = Debug|Any CPU
		{E4691236-9F54-4250-BDBE-916BBB07A378}.Debug|Any CPU.Build.0 = Debug|Any CPU
		{E4691236-9F54-4250-BDBE-916BBB07A378}.Debug|x86.ActiveCfg = Debug|Any CPU
		{E4691236-9F54-4250-BDBE-916BBB07A378}.Release|Any CPU.ActiveCfg = Release|Any CPU
		{E4691236-9F54-4250-BDBE-916BBB07A378}.Release|Any CPU.Build.0 = Release|Any CPU
		{E4691236-9F54-4250-BDBE-916BBB07A378}.Release|x86.ActiveCfg = Release|Any CPU
		{6537020B-EDF2-4823-BCDC-430B334B876B}.Debug|Any CPU.ActiveCfg = Debug|Any CPU
		{6537020B-EDF2-4823-BCDC-430B334B876B}.Debug|Any CPU.Build.0 = Debug|Any CPU
		{6537020B-EDF2-4823-BCDC-430B334B876B}.Debug|x86.ActiveCfg = Debug|Any CPU
		{6537020B-EDF2-4823-BCDC-430B334B876B}.Release|Any CPU.ActiveCfg = Release|Any CPU
		{6537020B-EDF2-4823-BCDC-430B334B876B}.Release|Any CPU.Build.0 = Release|Any CPU
		{6537020B-EDF2-4823-BCDC-430B334B876B}.Release|x86.ActiveCfg = Release|Any CPU
		{306D2F9E-D6D0-4D96-94F1-173C60A13875}.Debug|Any CPU.ActiveCfg = Debug|Any CPU
		{306D2F9E-D6D0-4D96-94F1-173C60A13875}.Debug|Any CPU.Build.0 = Debug|Any CPU
		{306D2F9E-D6D0-4D96-94F1-173C60A13875}.Debug|x86.ActiveCfg = Debug|Any CPU
		{306D2F9E-D6D0-4D96-94F1-173C60A13875}.Release|Any CPU.ActiveCfg = Release|Any CPU
		{306D2F9E-D6D0-4D96-94F1-173C60A13875}.Release|Any CPU.Build.0 = Release|Any CPU
		{306D2F9E-D6D0-4D96-94F1-173C60A13875}.Release|x86.ActiveCfg = Release|Any CPU
		{E3F751E9-C417-4DF4-899F-69F1628B2979}.Debug|Any CPU.ActiveCfg = Debug|Any CPU
		{E3F751E9-C417-4DF4-899F-69F1628B2979}.Debug|Any CPU.Build.0 = Debug|Any CPU
		{E3F751E9-C417-4DF4-899F-69F1628B2979}.Debug|x86.ActiveCfg = Debug|Any CPU
		{E3F751E9-C417-4DF4-899F-69F1628B2979}.Release|Any CPU.ActiveCfg = Release|Any CPU
		{E3F751E9-C417-4DF4-899F-69F1628B2979}.Release|Any CPU.Build.0 = Release|Any CPU
		{E3F751E9-C417-4DF4-899F-69F1628B2979}.Release|x86.ActiveCfg = Release|Any CPU
		{B07FCEC6-A640-49CF-A8B0-28C3CABC3F4E}.Debug|Any CPU.ActiveCfg = Debug|Any CPU
		{B07FCEC6-A640-49CF-A8B0-28C3CABC3F4E}.Debug|Any CPU.Build.0 = Debug|Any CPU
		{B07FCEC6-A640-49CF-A8B0-28C3CABC3F4E}.Debug|x86.ActiveCfg = Debug|Any CPU
		{B07FCEC6-A640-49CF-A8B0-28C3CABC3F4E}.Release|Any CPU.ActiveCfg = Release|Any CPU
		{B07FCEC6-A640-49CF-A8B0-28C3CABC3F4E}.Release|Any CPU.Build.0 = Release|Any CPU
		{B07FCEC6-A640-49CF-A8B0-28C3CABC3F4E}.Release|x86.ActiveCfg = Release|Any CPU
		{4FE8D3CE-A4D7-426A-9D51-E22DC4D470A9}.Debug|Any CPU.ActiveCfg = Debug|Any CPU
		{4FE8D3CE-A4D7-426A-9D51-E22DC4D470A9}.Debug|Any CPU.Build.0 = Debug|Any CPU
		{4FE8D3CE-A4D7-426A-9D51-E22DC4D470A9}.Debug|x86.ActiveCfg = Debug|Any CPU
		{4FE8D3CE-A4D7-426A-9D51-E22DC4D470A9}.Release|Any CPU.ActiveCfg = Release|Any CPU
		{4FE8D3CE-A4D7-426A-9D51-E22DC4D470A9}.Release|Any CPU.Build.0 = Release|Any CPU
		{4FE8D3CE-A4D7-426A-9D51-E22DC4D470A9}.Release|x86.ActiveCfg = Release|Any CPU
		{CB1A6BD1-5ADD-45F9-896D-6E6C225FA2F3}.Debug|Any CPU.ActiveCfg = Debug|Any CPU
		{CB1A6BD1-5ADD-45F9-896D-6E6C225FA2F3}.Debug|Any CPU.Build.0 = Debug|Any CPU
		{CB1A6BD1-5ADD-45F9-896D-6E6C225FA2F3}.Debug|x86.ActiveCfg = Debug|Any CPU
		{CB1A6BD1-5ADD-45F9-896D-6E6C225FA2F3}.Release|Any CPU.ActiveCfg = Release|Any CPU
		{CB1A6BD1-5ADD-45F9-896D-6E6C225FA2F3}.Release|Any CPU.Build.0 = Release|Any CPU
		{CB1A6BD1-5ADD-45F9-896D-6E6C225FA2F3}.Release|x86.ActiveCfg = Release|Any CPU
		{C44882D7-4FA1-4A6E-9AC4-80B2E9D61791}.Debug|Any CPU.ActiveCfg = Debug|Any CPU
		{C44882D7-4FA1-4A6E-9AC4-80B2E9D61791}.Debug|Any CPU.Build.0 = Debug|Any CPU
		{C44882D7-4FA1-4A6E-9AC4-80B2E9D61791}.Debug|x86.ActiveCfg = Debug|Any CPU
		{C44882D7-4FA1-4A6E-9AC4-80B2E9D61791}.Release|Any CPU.ActiveCfg = Release|Any CPU
		{C44882D7-4FA1-4A6E-9AC4-80B2E9D61791}.Release|Any CPU.Build.0 = Release|Any CPU
		{C44882D7-4FA1-4A6E-9AC4-80B2E9D61791}.Release|x86.ActiveCfg = Release|Any CPU
		{45832E09-3329-416A-AE16-9CCE8A72F5CE}.Debug|Any CPU.ActiveCfg = Debug|Any CPU
		{45832E09-3329-416A-AE16-9CCE8A72F5CE}.Debug|Any CPU.Build.0 = Debug|Any CPU
		{45832E09-3329-416A-AE16-9CCE8A72F5CE}.Debug|x86.ActiveCfg = Debug|Any CPU
		{45832E09-3329-416A-AE16-9CCE8A72F5CE}.Release|Any CPU.ActiveCfg = Release|Any CPU
		{45832E09-3329-416A-AE16-9CCE8A72F5CE}.Release|Any CPU.Build.0 = Release|Any CPU
		{45832E09-3329-416A-AE16-9CCE8A72F5CE}.Release|x86.ActiveCfg = Release|Any CPU
	EndGlobalSection
	GlobalSection(SolutionProperties) = preSolution
		HideSolutionNode = FALSE
	EndGlobalSection
	GlobalSection(NestedProjects) = preSolution
		{AF845440-F18A-4E14-AFAA-3C8F2C5C25C0} = {BF0C456B-6CD8-4B43-917D-14FB5A0D7C5D}
		{7B738CF7-EA66-4D92-B185-EA41286EEE73} = {BF0C456B-6CD8-4B43-917D-14FB5A0D7C5D}
		{0E6DD9F0-9B91-4D3F-9384-2C6B96734EE0} = {BF0C456B-6CD8-4B43-917D-14FB5A0D7C5D}
		{E4691236-9F54-4250-BDBE-916BBB07A378} = {BF0C456B-6CD8-4B43-917D-14FB5A0D7C5D}
		{6537020B-EDF2-4823-BCDC-430B334B876B} = {BF0C456B-6CD8-4B43-917D-14FB5A0D7C5D}
		{306D2F9E-D6D0-4D96-94F1-173C60A13875} = {BF0C456B-6CD8-4B43-917D-14FB5A0D7C5D}
		{CB1A6BD1-5ADD-45F9-896D-6E6C225FA2F3} = {BF0C456B-6CD8-4B43-917D-14FB5A0D7C5D}
		{C44882D7-4FA1-4A6E-9AC4-80B2E9D61791} = {BF0C456B-6CD8-4B43-917D-14FB5A0D7C5D}
		{45832E09-3329-416A-AE16-9CCE8A72F5CE} = {BF0C456B-6CD8-4B43-917D-14FB5A0D7C5D}
		{5B0CB1B3-3EBA-469A-91F3-BE2EC7682BAE} = {16E3922A-B783-43D5-AC1F-8A295BAFF12E}
		{F6F3C2ED-4A74-4836-9316-945357C575D0} = {16E3922A-B783-43D5-AC1F-8A295BAFF12E}
		{E3F751E9-C417-4DF4-899F-69F1628B2979} = {16E3922A-B783-43D5-AC1F-8A295BAFF12E}
		{B07FCEC6-A640-49CF-A8B0-28C3CABC3F4E} = {16E3922A-B783-43D5-AC1F-8A295BAFF12E}
		{4FE8D3CE-A4D7-426A-9D51-E22DC4D470A9} = {16E3922A-B783-43D5-AC1F-8A295BAFF12E}
	EndGlobalSection
EndGlobal
